// !$*UTF8*$!
{
	archiveVersion = 1;
	classes = {
	};
	objectVersion = 46;
	objects = {

/* Begin PBXBuildFile section */
		760BCF2F14E95B7E0034A2A7 /* story-add-button.png in Resources */ = {isa = PBXBuildFile; fileRef = 760BCF2B14E95B7E0034A2A7 /* story-add-button.png */; };
		760BCF3014E95B7E0034A2A7 /* story-add-button@2x.png in Resources */ = {isa = PBXBuildFile; fileRef = 760BCF2C14E95B7E0034A2A7 /* story-add-button@2x.png */; };
		760BCF3114E95B7E0034A2A7 /* story-add-plus-pressed.png in Resources */ = {isa = PBXBuildFile; fileRef = 760BCF2D14E95B7E0034A2A7 /* story-add-plus-pressed.png */; };
		760BCF3214E95B7E0034A2A7 /* story-add-plus-pressed@2x.png in Resources */ = {isa = PBXBuildFile; fileRef = 760BCF2E14E95B7E0034A2A7 /* story-add-plus-pressed@2x.png */; };
		76327CE714E2496A004C7626 /* UIKit.framework in Frameworks */ = {isa = PBXBuildFile; fileRef = 76327CE614E2496A004C7626 /* UIKit.framework */; };
		76327CE914E2496A004C7626 /* Foundation.framework in Frameworks */ = {isa = PBXBuildFile; fileRef = 76327CE814E2496A004C7626 /* Foundation.framework */; };
		76327CEB14E2496A004C7626 /* CoreGraphics.framework in Frameworks */ = {isa = PBXBuildFile; fileRef = 76327CEA14E2496A004C7626 /* CoreGraphics.framework */; };
		76327CF114E2496A004C7626 /* InfoPlist.strings in Resources */ = {isa = PBXBuildFile; fileRef = 76327CEF14E2496A004C7626 /* InfoPlist.strings */; };
		76327CF314E2496A004C7626 /* main.m in Sources */ = {isa = PBXBuildFile; fileRef = 76327CF214E2496A004C7626 /* main.m */; };
		76327CF714E2496A004C7626 /* CWAppDelegate.m in Sources */ = {isa = PBXBuildFile; fileRef = 76327CF614E2496A004C7626 /* CWAppDelegate.m */; };
		76327CFD14E2496A004C7626 /* CWViewController.xib in Resources */ = {isa = PBXBuildFile; fileRef = 76327CFB14E2496A004C7626 /* CWViewController.xib */; };
		76327D0514E2496A004C7626 /* SenTestingKit.framework in Frameworks */ = {isa = PBXBuildFile; fileRef = 76327D0414E2496A004C7626 /* SenTestingKit.framework */; };
		76327D0614E2496A004C7626 /* UIKit.framework in Frameworks */ = {isa = PBXBuildFile; fileRef = 76327CE614E2496A004C7626 /* UIKit.framework */; };
		76327D0714E2496A004C7626 /* Foundation.framework in Frameworks */ = {isa = PBXBuildFile; fileRef = 76327CE814E2496A004C7626 /* Foundation.framework */; };
		76327D0F14E2496A004C7626 /* InfoPlist.strings in Resources */ = {isa = PBXBuildFile; fileRef = 76327D0D14E2496A004C7626 /* InfoPlist.strings */; };
		76327D1214E2496A004C7626 /* CWAnimatedControlViewTests.m in Sources */ = {isa = PBXBuildFile; fileRef = 76327D1114E2496A004C7626 /* CWAnimatedControlViewTests.m */; };
		76759B6014EBA170005D16D8 /* CWImageDelegate.m in Sources */ = {isa = PBXBuildFile; fileRef = 76759B5F14EBA170005D16D8 /* CWImageDelegate.m */; };
		76B43D4314E254C6005169E9 /* CWAnimatedMenuItem.m in Sources */ = {isa = PBXBuildFile; fileRef = 76B43D4214E254C6005169E9 /* CWAnimatedMenuItem.m */; };
		76B43D5014E25C1C005169E9 /* QuartzCore.framework in Frameworks */ = {isa = PBXBuildFile; fileRef = 76B43D4F14E25C1C005169E9 /* QuartzCore.framework */; };
		76B43D5314E25F86005169E9 /* CWAnimatedMenuButton.m in Sources */ = {isa = PBXBuildFile; fileRef = 76B43D5214E25F86005169E9 /* CWAnimatedMenuButton.m */; };
		76B43D5A14E27AA9005169E9 /* CWAnimatedMenuController.m in Sources */ = {isa = PBXBuildFile; fileRef = 76B43D5914E27AA9005169E9 /* CWAnimatedMenuController.m */; };
		76B43D5E14E28388005169E9 /* CWAnimatedMenuView.m in Sources */ = {isa = PBXBuildFile; fileRef = 76B43D5D14E28388005169E9 /* CWAnimatedMenuView.m */; };
		76F0BD5A14E716240031D792 /* story-button.png in Resources */ = {isa = PBXBuildFile; fileRef = 76F0BD4C14E716240031D792 /* story-button.png */; };
		76F0BD5B14E716240031D792 /* story-button@2x.png in Resources */ = {isa = PBXBuildFile; fileRef = 76F0BD4D14E716240031D792 /* story-button@2x.png */; };
		76F0BD5C14E716240031D792 /* story-camera.png in Resources */ = {isa = PBXBuildFile; fileRef = 76F0BD4E14E716240031D792 /* story-camera.png */; };
		76F0BD5D14E716240031D792 /* story-camera@2x.png in Resources */ = {isa = PBXBuildFile; fileRef = 76F0BD4F14E716240031D792 /* story-camera@2x.png */; };
		76F0BD5E14E716240031D792 /* story-music.png in Resources */ = {isa = PBXBuildFile; fileRef = 76F0BD5014E716240031D792 /* story-music.png */; };
		76F0BD5F14E716240031D792 /* story-music@2x.png in Resources */ = {isa = PBXBuildFile; fileRef = 76F0BD5114E716240031D792 /* story-music@2x.png */; };
		76F0BD6014E716240031D792 /* story-people.png in Resources */ = {isa = PBXBuildFile; fileRef = 76F0BD5214E716240031D792 /* story-people.png */; };
		76F0BD6114E716240031D792 /* story-people@2x.png in Resources */ = {isa = PBXBuildFile; fileRef = 76F0BD5314E716240031D792 /* story-people@2x.png */; };
		76F0BD6214E716240031D792 /* story-place.png in Resources */ = {isa = PBXBuildFile; fileRef = 76F0BD5414E716240031D792 /* story-place.png */; };
		76F0BD6314E716240031D792 /* story-place@2x.png in Resources */ = {isa = PBXBuildFile; fileRef = 76F0BD5514E716240031D792 /* story-place@2x.png */; };
		76F0BD6414E716240031D792 /* story-sleep.png in Resources */ = {isa = PBXBuildFile; fileRef = 76F0BD5614E716240031D792 /* story-sleep.png */; };
		76F0BD6514E716240031D792 /* story-sleep@2x.png in Resources */ = {isa = PBXBuildFile; fileRef = 76F0BD5714E716240031D792 /* story-sleep@2x.png */; };
		76F0BD6614E716240031D792 /* story-thought.png in Resources */ = {isa = PBXBuildFile; fileRef = 76F0BD5814E716240031D792 /* story-thought.png */; };
		76F0BD6714E716240031D792 /* story-thought@2x.png in Resources */ = {isa = PBXBuildFile; fileRef = 76F0BD5914E716240031D792 /* story-thought@2x.png */; };
/* End PBXBuildFile section */

/* Begin PBXContainerItemProxy section */
		76327D0814E2496A004C7626 /* PBXContainerItemProxy */ = {
			isa = PBXContainerItemProxy;
			containerPortal = 76327CD914E24969004C7626 /* Project object */;
			proxyType = 1;
			remoteGlobalIDString = 76327CE114E2496A004C7626;
			remoteInfo = CWAnimatedControlView;
		};
/* End PBXContainerItemProxy section */

/* Begin PBXFileReference section */
		760BCF2B14E95B7E0034A2A7 /* story-add-button.png */ = {isa = PBXFileReference; lastKnownFileType = image.png; path = "story-add-button.png"; sourceTree = "<group>"; };
		760BCF2C14E95B7E0034A2A7 /* story-add-button@2x.png */ = {isa = PBXFileReference; lastKnownFileType = image.png; path = "story-add-button@2x.png"; sourceTree = "<group>"; };
		760BCF2D14E95B7E0034A2A7 /* story-add-plus-pressed.png */ = {isa = PBXFileReference; lastKnownFileType = image.png; path = "story-add-plus-pressed.png"; sourceTree = "<group>"; };
		760BCF2E14E95B7E0034A2A7 /* story-add-plus-pressed@2x.png */ = {isa = PBXFileReference; lastKnownFileType = image.png; path = "story-add-plus-pressed@2x.png"; sourceTree = "<group>"; };
		76327CE214E2496A004C7626 /* CWAnimatedControlView.app */ = {isa = PBXFileReference; explicitFileType = wrapper.application; includeInIndex = 0; path = CWAnimatedControlView.app; sourceTree = BUILT_PRODUCTS_DIR; };
		76327CE614E2496A004C7626 /* UIKit.framework */ = {isa = PBXFileReference; lastKnownFileType = wrapper.framework; name = UIKit.framework; path = System/Library/Frameworks/UIKit.framework; sourceTree = SDKROOT; };
		76327CE814E2496A004C7626 /* Foundation.framework */ = {isa = PBXFileReference; lastKnownFileType = wrapper.framework; name = Foundation.framework; path = System/Library/Frameworks/Foundation.framework; sourceTree = SDKROOT; };
		76327CEA14E2496A004C7626 /* CoreGraphics.framework */ = {isa = PBXFileReference; lastKnownFileType = wrapper.framework; name = CoreGraphics.framework; path = System/Library/Frameworks/CoreGraphics.framework; sourceTree = SDKROOT; };
		76327CEE14E2496A004C7626 /* CWAnimatedControlView-Info.plist */ = {isa = PBXFileReference; lastKnownFileType = text.plist.xml; path = "CWAnimatedControlView-Info.plist"; sourceTree = "<group>"; };
		76327CF014E2496A004C7626 /* en */ = {isa = PBXFileReference; lastKnownFileType = text.plist.strings; name = en; path = en.lproj/InfoPlist.strings; sourceTree = "<group>"; };
		76327CF214E2496A004C7626 /* main.m */ = {isa = PBXFileReference; lastKnownFileType = sourcecode.c.objc; path = main.m; sourceTree = "<group>"; };
		76327CF414E2496A004C7626 /* CWAnimatedControlView-Prefix.pch */ = {isa = PBXFileReference; lastKnownFileType = sourcecode.c.h; path = "CWAnimatedControlView-Prefix.pch"; sourceTree = "<group>"; };
		76327CF514E2496A004C7626 /* CWAppDelegate.h */ = {isa = PBXFileReference; lastKnownFileType = sourcecode.c.h; path = CWAppDelegate.h; sourceTree = "<group>"; };
		76327CF614E2496A004C7626 /* CWAppDelegate.m */ = {isa = PBXFileReference; lastKnownFileType = sourcecode.c.objc; path = CWAppDelegate.m; sourceTree = "<group>"; };
		76327CFC14E2496A004C7626 /* en */ = {isa = PBXFileReference; lastKnownFileType = file.xib; name = en; path = en.lproj/CWViewController.xib; sourceTree = "<group>"; };
		76327D0314E2496A004C7626 /* CWAnimatedControlViewTests.octest */ = {isa = PBXFileReference; explicitFileType = wrapper.cfbundle; includeInIndex = 0; path = CWAnimatedControlViewTests.octest; sourceTree = BUILT_PRODUCTS_DIR; };
		76327D0414E2496A004C7626 /* SenTestingKit.framework */ = {isa = PBXFileReference; lastKnownFileType = wrapper.framework; name = SenTestingKit.framework; path = Library/Frameworks/SenTestingKit.framework; sourceTree = DEVELOPER_DIR; };
		76327D0C14E2496A004C7626 /* CWAnimatedControlViewTests-Info.plist */ = {isa = PBXFileReference; lastKnownFileType = text.plist.xml; path = "CWAnimatedControlViewTests-Info.plist"; sourceTree = "<group>"; };
		76327D0E14E2496A004C7626 /* en */ = {isa = PBXFileReference; lastKnownFileType = text.plist.strings; name = en; path = en.lproj/InfoPlist.strings; sourceTree = "<group>"; };
		76327D1014E2496A004C7626 /* CWAnimatedControlViewTests.h */ = {isa = PBXFileReference; lastKnownFileType = sourcecode.c.h; path = CWAnimatedControlViewTests.h; sourceTree = "<group>"; };
		76327D1114E2496A004C7626 /* CWAnimatedControlViewTests.m */ = {isa = PBXFileReference; lastKnownFileType = sourcecode.c.objc; path = CWAnimatedControlViewTests.m; sourceTree = "<group>"; };
		76759B5E14EBA170005D16D8 /* CWImageDelegate.h */ = {isa = PBXFileReference; fileEncoding = 4; lastKnownFileType = sourcecode.c.h; name = CWImageDelegate.h; path = CWAnimatedMenu/CWImageDelegate.h; sourceTree = "<group>"; };
		76759B5F14EBA170005D16D8 /* CWImageDelegate.m */ = {isa = PBXFileReference; fileEncoding = 4; lastKnownFileType = sourcecode.c.objc; name = CWImageDelegate.m; path = CWAnimatedMenu/CWImageDelegate.m; sourceTree = "<group>"; };
		76B43D4114E254C6005169E9 /* CWAnimatedMenuItem.h */ = {isa = PBXFileReference; fileEncoding = 4; lastKnownFileType = sourcecode.c.h; name = CWAnimatedMenuItem.h; path = CWAnimatedMenu/CWAnimatedMenuItem.h; sourceTree = "<group>"; };
		76B43D4214E254C6005169E9 /* CWAnimatedMenuItem.m */ = {isa = PBXFileReference; fileEncoding = 4; lastKnownFileType = sourcecode.c.objc; name = CWAnimatedMenuItem.m; path = CWAnimatedMenu/CWAnimatedMenuItem.m; sourceTree = "<group>"; };
		76B43D4F14E25C1C005169E9 /* QuartzCore.framework */ = {isa = PBXFileReference; lastKnownFileType = wrapper.framework; name = QuartzCore.framework; path = System/Library/Frameworks/QuartzCore.framework; sourceTree = SDKROOT; };
		76B43D5114E25F86005169E9 /* CWAnimatedMenuButton.h */ = {isa = PBXFileReference; fileEncoding = 4; lastKnownFileType = sourcecode.c.h; name = CWAnimatedMenuButton.h; path = CWAnimatedMenu/CWAnimatedMenuButton.h; sourceTree = "<group>"; };
		76B43D5214E25F86005169E9 /* CWAnimatedMenuButton.m */ = {isa = PBXFileReference; fileEncoding = 4; lastKnownFileType = sourcecode.c.objc; name = CWAnimatedMenuButton.m; path = CWAnimatedMenu/CWAnimatedMenuButton.m; sourceTree = "<group>"; };
		76B43D5814E27AA9005169E9 /* CWAnimatedMenuController.h */ = {isa = PBXFileReference; fileEncoding = 4; lastKnownFileType = sourcecode.c.h; name = CWAnimatedMenuController.h; path = CWAnimatedMenu/CWAnimatedMenuController.h; sourceTree = "<group>"; };
		76B43D5914E27AA9005169E9 /* CWAnimatedMenuController.m */ = {isa = PBXFileReference; fileEncoding = 4; lastKnownFileType = sourcecode.c.objc; name = CWAnimatedMenuController.m; path = CWAnimatedMenu/CWAnimatedMenuController.m; sourceTree = "<group>"; };
		76B43D5C14E28388005169E9 /* CWAnimatedMenuView.h */ = {isa = PBXFileReference; fileEncoding = 4; lastKnownFileType = sourcecode.c.h; name = CWAnimatedMenuView.h; path = CWAnimatedMenu/CWAnimatedMenuView.h; sourceTree = "<group>"; };
		76B43D5D14E28388005169E9 /* CWAnimatedMenuView.m */ = {isa = PBXFileReference; fileEncoding = 4; lastKnownFileType = sourcecode.c.objc; name = CWAnimatedMenuView.m; path = CWAnimatedMenu/CWAnimatedMenuView.m; sourceTree = "<group>"; };
		76F0BD4C14E716240031D792 /* story-button.png */ = {isa = PBXFileReference; lastKnownFileType = image.png; path = "story-button.png"; sourceTree = "<group>"; };
		76F0BD4D14E716240031D792 /* story-button@2x.png */ = {isa = PBXFileReference; lastKnownFileType = image.png; path = "story-button@2x.png"; sourceTree = "<group>"; };
		76F0BD4E14E716240031D792 /* story-camera.png */ = {isa = PBXFileReference; lastKnownFileType = image.png; path = "story-camera.png"; sourceTree = "<group>"; };
		76F0BD4F14E716240031D792 /* story-camera@2x.png */ = {isa = PBXFileReference; lastKnownFileType = image.png; path = "story-camera@2x.png"; sourceTree = "<group>"; };
		76F0BD5014E716240031D792 /* story-music.png */ = {isa = PBXFileReference; lastKnownFileType = image.png; path = "story-music.png"; sourceTree = "<group>"; };
		76F0BD5114E716240031D792 /* story-music@2x.png */ = {isa = PBXFileReference; lastKnownFileType = image.png; path = "story-music@2x.png"; sourceTree = "<group>"; };
		76F0BD5214E716240031D792 /* story-people.png */ = {isa = PBXFileReference; lastKnownFileType = image.png; path = "story-people.png"; sourceTree = "<group>"; };
		76F0BD5314E716240031D792 /* story-people@2x.png */ = {isa = PBXFileReference; lastKnownFileType = image.png; path = "story-people@2x.png"; sourceTree = "<group>"; };
		76F0BD5414E716240031D792 /* story-place.png */ = {isa = PBXFileReference; lastKnownFileType = image.png; path = "story-place.png"; sourceTree = "<group>"; };
		76F0BD5514E716240031D792 /* story-place@2x.png */ = {isa = PBXFileReference; lastKnownFileType = image.png; path = "story-place@2x.png"; sourceTree = "<group>"; };
		76F0BD5614E716240031D792 /* story-sleep.png */ = {isa = PBXFileReference; lastKnownFileType = image.png; path = "story-sleep.png"; sourceTree = "<group>"; };
		76F0BD5714E716240031D792 /* story-sleep@2x.png */ = {isa = PBXFileReference; lastKnownFileType = image.png; path = "story-sleep@2x.png"; sourceTree = "<group>"; };
		76F0BD5814E716240031D792 /* story-thought.png */ = {isa = PBXFileReference; lastKnownFileType = image.png; path = "story-thought.png"; sourceTree = "<group>"; };
		76F0BD5914E716240031D792 /* story-thought@2x.png */ = {isa = PBXFileReference; lastKnownFileType = image.png; path = "story-thought@2x.png"; sourceTree = "<group>"; };
/* End PBXFileReference section */

/* Begin PBXFrameworksBuildPhase section */
		76327CDF14E2496A004C7626 /* Frameworks */ = {
			isa = PBXFrameworksBuildPhase;
			buildActionMask = 2147483647;
			files = (
				76B43D5014E25C1C005169E9 /* QuartzCore.framework in Frameworks */,
				76327CE714E2496A004C7626 /* UIKit.framework in Frameworks */,
				76327CE914E2496A004C7626 /* Foundation.framework in Frameworks */,
				76327CEB14E2496A004C7626 /* CoreGraphics.framework in Frameworks */,
			);
			runOnlyForDeploymentPostprocessing = 0;
		};
		76327CFF14E2496A004C7626 /* Frameworks */ = {
			isa = PBXFrameworksBuildPhase;
			buildActionMask = 2147483647;
			files = (
				76327D0514E2496A004C7626 /* SenTestingKit.framework in Frameworks */,
				76327D0614E2496A004C7626 /* UIKit.framework in Frameworks */,
				76327D0714E2496A004C7626 /* Foundation.framework in Frameworks */,
			);
			runOnlyForDeploymentPostprocessing = 0;
		};
/* End PBXFrameworksBuildPhase section */

/* Begin PBXGroup section */
		76327CD714E24969004C7626 = {
			isa = PBXGroup;
			children = (
				76327CEC14E2496A004C7626 /* CWAnimatedControlView */,
				76327D0A14E2496A004C7626 /* CWAnimatedControlViewTests */,
				76327CE514E2496A004C7626 /* Frameworks */,
				76327CE314E2496A004C7626 /* Products */,
			);
			sourceTree = "<group>";
		};
		76327CE314E2496A004C7626 /* Products */ = {
			isa = PBXGroup;
			children = (
				76327CE214E2496A004C7626 /* CWAnimatedControlView.app */,
				76327D0314E2496A004C7626 /* CWAnimatedControlViewTests.octest */,
			);
			name = Products;
			sourceTree = "<group>";
		};
		76327CE514E2496A004C7626 /* Frameworks */ = {
			isa = PBXGroup;
			children = (
				76B43D4F14E25C1C005169E9 /* QuartzCore.framework */,
				76327CE614E2496A004C7626 /* UIKit.framework */,
				76327CE814E2496A004C7626 /* Foundation.framework */,
				76327CEA14E2496A004C7626 /* CoreGraphics.framework */,
				76327D0414E2496A004C7626 /* SenTestingKit.framework */,
			);
			name = Frameworks;
			sourceTree = "<group>";
		};
		76327CEC14E2496A004C7626 /* CWAnimatedControlView */ = {
			isa = PBXGroup;
			children = (
				76B43D3714E24A39005169E9 /* CWAnimatedMenu */,
				76327CF514E2496A004C7626 /* CWAppDelegate.h */,
				76327CF614E2496A004C7626 /* CWAppDelegate.m */,
				76327CFB14E2496A004C7626 /* CWViewController.xib */,
				76327CED14E2496A004C7626 /* Supporting Files */,
			);
			path = CWAnimatedControlView;
			sourceTree = "<group>";
		};
		76327CED14E2496A004C7626 /* Supporting Files */ = {
			isa = PBXGroup;
			children = (
				76F0BD4B14E716240031D792 /* path button */,
				76327CEE14E2496A004C7626 /* CWAnimatedControlView-Info.plist */,
				76327CEF14E2496A004C7626 /* InfoPlist.strings */,
				76327CF214E2496A004C7626 /* main.m */,
				76327CF414E2496A004C7626 /* CWAnimatedControlView-Prefix.pch */,
			);
			name = "Supporting Files";
			sourceTree = "<group>";
		};
		76327D0A14E2496A004C7626 /* CWAnimatedControlViewTests */ = {
			isa = PBXGroup;
			children = (
				76327D1014E2496A004C7626 /* CWAnimatedControlViewTests.h */,
				76327D1114E2496A004C7626 /* CWAnimatedControlViewTests.m */,
				76327D0B14E2496A004C7626 /* Supporting Files */,
			);
			path = CWAnimatedControlViewTests;
			sourceTree = "<group>";
		};
		76327D0B14E2496A004C7626 /* Supporting Files */ = {
			isa = PBXGroup;
			children = (
				76327D0C14E2496A004C7626 /* CWAnimatedControlViewTests-Info.plist */,
				76327D0D14E2496A004C7626 /* InfoPlist.strings */,
			);
			name = "Supporting Files";
			sourceTree = "<group>";
		};
		76B43D3714E24A39005169E9 /* CWAnimatedMenu */ = {
			isa = PBXGroup;
			children = (
				76759B5E14EBA170005D16D8 /* CWImageDelegate.h */,
				76759B5F14EBA170005D16D8 /* CWImageDelegate.m */,
				76B43D4114E254C6005169E9 /* CWAnimatedMenuItem.h */,
				76B43D4214E254C6005169E9 /* CWAnimatedMenuItem.m */,
				76B43D5114E25F86005169E9 /* CWAnimatedMenuButton.h */,
				76B43D5214E25F86005169E9 /* CWAnimatedMenuButton.m */,
				76B43D5C14E28388005169E9 /* CWAnimatedMenuView.h */,
				76B43D5D14E28388005169E9 /* CWAnimatedMenuView.m */,
				76B43D5814E27AA9005169E9 /* CWAnimatedMenuController.h */,
				76B43D5914E27AA9005169E9 /* CWAnimatedMenuController.m */,
			);
			name = CWAnimatedMenu;
			sourceTree = "<group>";
		};
		76F0BD4B14E716240031D792 /* path button */ = {
			isa = PBXGroup;
			children = (
				760BCF2B14E95B7E0034A2A7 /* story-add-button.png */,
				760BCF2C14E95B7E0034A2A7 /* story-add-button@2x.png */,
				760BCF2D14E95B7E0034A2A7 /* story-add-plus-pressed.png */,
				760BCF2E14E95B7E0034A2A7 /* story-add-plus-pressed@2x.png */,
				76F0BD4C14E716240031D792 /* story-button.png */,
				76F0BD4D14E716240031D792 /* story-button@2x.png */,
				76F0BD4E14E716240031D792 /* story-camera.png */,
				76F0BD4F14E716240031D792 /* story-camera@2x.png */,
				76F0BD5014E716240031D792 /* story-music.png */,
				76F0BD5114E716240031D792 /* story-music@2x.png */,
				76F0BD5214E716240031D792 /* story-people.png */,
				76F0BD5314E716240031D792 /* story-people@2x.png */,
				76F0BD5414E716240031D792 /* story-place.png */,
				76F0BD5514E716240031D792 /* story-place@2x.png */,
				76F0BD5614E716240031D792 /* story-sleep.png */,
				76F0BD5714E716240031D792 /* story-sleep@2x.png */,
				76F0BD5814E716240031D792 /* story-thought.png */,
				76F0BD5914E716240031D792 /* story-thought@2x.png */,
			);
			path = "path button";
			sourceTree = "<group>";
		};
/* End PBXGroup section */

/* Begin PBXNativeTarget section */
		76327CE114E2496A004C7626 /* CWAnimatedControlView */ = {
			isa = PBXNativeTarget;
			buildConfigurationList = 76327D1514E2496A004C7626 /* Build configuration list for PBXNativeTarget "CWAnimatedControlView" */;
			buildPhases = (
				76327CDE14E2496A004C7626 /* Sources */,
				76327CDF14E2496A004C7626 /* Frameworks */,
				76327CE014E2496A004C7626 /* Resources */,
			);
			buildRules = (
			);
			dependencies = (
			);
			name = CWAnimatedControlView;
			productName = CWAnimatedControlView;
			productReference = 76327CE214E2496A004C7626 /* CWAnimatedControlView.app */;
			productType = "com.apple.product-type.application";
		};
		76327D0214E2496A004C7626 /* CWAnimatedControlViewTests */ = {
			isa = PBXNativeTarget;
			buildConfigurationList = 76327D1814E2496A004C7626 /* Build configuration list for PBXNativeTarget "CWAnimatedControlViewTests" */;
			buildPhases = (
				76327CFE14E2496A004C7626 /* Sources */,
				76327CFF14E2496A004C7626 /* Frameworks */,
				76327D0014E2496A004C7626 /* Resources */,
				76327D0114E2496A004C7626 /* ShellScript */,
			);
			buildRules = (
			);
			dependencies = (
				76327D0914E2496A004C7626 /* PBXTargetDependency */,
			);
			name = CWAnimatedControlViewTests;
			productName = CWAnimatedControlViewTests;
			productReference = 76327D0314E2496A004C7626 /* CWAnimatedControlViewTests.octest */;
			productType = "com.apple.product-type.bundle";
		};
/* End PBXNativeTarget section */

/* Begin PBXProject section */
		76327CD914E24969004C7626 /* Project object */ = {
			isa = PBXProject;
			attributes = {
				CLASSPREFIX = CW;
				LastUpgradeCheck = 0430;
			};
			buildConfigurationList = 76327CDC14E24969004C7626 /* Build configuration list for PBXProject "CWAnimatedControlView" */;
			compatibilityVersion = "Xcode 3.2";
			developmentRegion = English;
			hasScannedForEncodings = 0;
			knownRegions = (
				en,
			);
			mainGroup = 76327CD714E24969004C7626;
			productRefGroup = 76327CE314E2496A004C7626 /* Products */;
			projectDirPath = "";
			projectRoot = "";
			targets = (
				76327CE114E2496A004C7626 /* CWAnimatedControlView */,
				76327D0214E2496A004C7626 /* CWAnimatedControlViewTests */,
			);
		};
/* End PBXProject section */

/* Begin PBXResourcesBuildPhase section */
		76327CE014E2496A004C7626 /* Resources */ = {
			isa = PBXResourcesBuildPhase;
			buildActionMask = 2147483647;
			files = (
				76327CF114E2496A004C7626 /* InfoPlist.strings in Resources */,
				76327CFD14E2496A004C7626 /* CWViewController.xib in Resources */,
				76F0BD5A14E716240031D792 /* story-button.png in Resources */,
				76F0BD5B14E716240031D792 /* story-button@2x.png in Resources */,
				76F0BD5C14E716240031D792 /* story-camera.png in Resources */,
				76F0BD5D14E716240031D792 /* story-camera@2x.png in Resources */,
				76F0BD5E14E716240031D792 /* story-music.png in Resources */,
				76F0BD5F14E716240031D792 /* story-music@2x.png in Resources */,
				76F0BD6014E716240031D792 /* story-people.png in Resources */,
				76F0BD6114E716240031D792 /* story-people@2x.png in Resources */,
				76F0BD6214E716240031D792 /* story-place.png in Resources */,
				76F0BD6314E716240031D792 /* story-place@2x.png in Resources */,
				76F0BD6414E716240031D792 /* story-sleep.png in Resources */,
				76F0BD6514E716240031D792 /* story-sleep@2x.png in Resources */,
				76F0BD6614E716240031D792 /* story-thought.png in Resources */,
				76F0BD6714E716240031D792 /* story-thought@2x.png in Resources */,
				760BCF2F14E95B7E0034A2A7 /* story-add-button.png in Resources */,
				760BCF3014E95B7E0034A2A7 /* story-add-button@2x.png in Resources */,
				760BCF3114E95B7E0034A2A7 /* story-add-plus-pressed.png in Resources */,
				760BCF3214E95B7E0034A2A7 /* story-add-plus-pressed@2x.png in Resources */,
			);
			runOnlyForDeploymentPostprocessing = 0;
		};
		76327D0014E2496A004C7626 /* Resources */ = {
			isa = PBXResourcesBuildPhase;
			buildActionMask = 2147483647;
			files = (
				76327D0F14E2496A004C7626 /* InfoPlist.strings in Resources */,
			);
			runOnlyForDeploymentPostprocessing = 0;
		};
/* End PBXResourcesBuildPhase section */

/* Begin PBXShellScriptBuildPhase section */
		76327D0114E2496A004C7626 /* ShellScript */ = {
			isa = PBXShellScriptBuildPhase;
			buildActionMask = 2147483647;
			files = (
			);
			inputPaths = (
			);
			outputPaths = (
			);
			runOnlyForDeploymentPostprocessing = 0;
			shellPath = /bin/sh;
			shellScript = "# Run the unit tests in this test bundle.\n\"${SYSTEM_DEVELOPER_DIR}/Tools/RunUnitTests\"\n";
		};
/* End PBXShellScriptBuildPhase section */

/* Begin PBXSourcesBuildPhase section */
		76327CDE14E2496A004C7626 /* Sources */ = {
			isa = PBXSourcesBuildPhase;
			buildActionMask = 2147483647;
			files = (
				76327CF314E2496A004C7626 /* main.m in Sources */,
				76327CF714E2496A004C7626 /* CWAppDelegate.m in Sources */,
				76B43D4314E254C6005169E9 /* CWAnimatedMenuItem.m in Sources */,
				76B43D5314E25F86005169E9 /* CWAnimatedMenuButton.m in Sources */,
				76B43D5A14E27AA9005169E9 /* CWAnimatedMenuController.m in Sources */,
				76B43D5E14E28388005169E9 /* CWAnimatedMenuView.m in Sources */,
				76759B6014EBA170005D16D8 /* CWImageDelegate.m in Sources */,
			);
			runOnlyForDeploymentPostprocessing = 0;
		};
		76327CFE14E2496A004C7626 /* Sources */ = {
			isa = PBXSourcesBuildPhase;
			buildActionMask = 2147483647;
			files = (
				76327D1214E2496A004C7626 /* CWAnimatedControlViewTests.m in Sources */,
			);
			runOnlyForDeploymentPostprocessing = 0;
		};
/* End PBXSourcesBuildPhase section */

/* Begin PBXTargetDependency section */
		76327D0914E2496A004C7626 /* PBXTargetDependency */ = {
			isa = PBXTargetDependency;
			target = 76327CE114E2496A004C7626 /* CWAnimatedControlView */;
			targetProxy = 76327D0814E2496A004C7626 /* PBXContainerItemProxy */;
		};
/* End PBXTargetDependency section */

/* Begin PBXVariantGroup section */
		76327CEF14E2496A004C7626 /* InfoPlist.strings */ = {
			isa = PBXVariantGroup;
			children = (
				76327CF014E2496A004C7626 /* en */,
			);
			name = InfoPlist.strings;
			sourceTree = "<group>";
		};
		76327CFB14E2496A004C7626 /* CWViewController.xib */ = {
			isa = PBXVariantGroup;
			children = (
				76327CFC14E2496A004C7626 /* en */,
			);
			name = CWViewController.xib;
			sourceTree = "<group>";
		};
		76327D0D14E2496A004C7626 /* InfoPlist.strings */ = {
			isa = PBXVariantGroup;
			children = (
				76327D0E14E2496A004C7626 /* en */,
			);
			name = InfoPlist.strings;
			sourceTree = "<group>";
		};
/* End PBXVariantGroup section */

/* Begin XCBuildConfiguration section */
		76327D1314E2496A004C7626 /* Debug */ = {
			isa = XCBuildConfiguration;
			buildSettings = {
				ALWAYS_SEARCH_USER_PATHS = NO;
				ARCHS = "$(ARCHS_STANDARD_32_BIT)";
				"CODE_SIGN_IDENTITY[sdk=iphoneos*]" = "iPhone Developer";
				COPY_PHASE_STRIP = NO;
				GCC_C_LANGUAGE_STANDARD = gnu99;
				GCC_DYNAMIC_NO_PIC = NO;
				GCC_OPTIMIZATION_LEVEL = 0;
				GCC_PREPROCESSOR_DEFINITIONS = (
					"DEBUG=1",
					"$(inherited)",
				);
				GCC_SYMBOLS_PRIVATE_EXTERN = NO;
				GCC_VERSION = com.apple.compilers.llvm.clang.1_0;
				GCC_WARN_ABOUT_RETURN_TYPE = YES;
				GCC_WARN_UNINITIALIZED_AUTOS = YES;
				GCC_WARN_UNUSED_VARIABLE = YES;
				IPHONEOS_DEPLOYMENT_TARGET = 5.1;
				SDKROOT = iphoneos;
			};
			name = Debug;
		};
		76327D1414E2496A004C7626 /* Release */ = {
			isa = XCBuildConfiguration;
			buildSettings = {
				ALWAYS_SEARCH_USER_PATHS = NO;
				ARCHS = "$(ARCHS_STANDARD_32_BIT)";
				"CODE_SIGN_IDENTITY[sdk=iphoneos*]" = "iPhone Developer";
				COPY_PHASE_STRIP = YES;
				GCC_C_LANGUAGE_STANDARD = gnu99;
				GCC_VERSION = com.apple.compilers.llvm.clang.1_0;
				GCC_WARN_ABOUT_RETURN_TYPE = YES;
				GCC_WARN_UNINITIALIZED_AUTOS = YES;
				GCC_WARN_UNUSED_VARIABLE = YES;
				IPHONEOS_DEPLOYMENT_TARGET = 5.1;
				OTHER_CFLAGS = "-DNS_BLOCK_ASSERTIONS=1";
				SDKROOT = iphoneos;
				VALIDATE_PRODUCT = YES;
			};
			name = Release;
		};
		76327D1614E2496A004C7626 /* Debug */ = {
			isa = XCBuildConfiguration;
			buildSettings = {
				GCC_PRECOMPILE_PREFIX_HEADER = YES;
				GCC_PREFIX_HEADER = "CWAnimatedControlView/CWAnimatedControlView-Prefix.pch";
				INFOPLIST_FILE = "CWAnimatedControlView/CWAnimatedControlView-Info.plist";
				IPHONEOS_DEPLOYMENT_TARGET = 5.0;
				PRODUCT_NAME = "$(TARGET_NAME)";
				WRAPPER_EXTENSION = app;
			};
			name = Debug;
		};
		76327D1714E2496A004C7626 /* Release */ = {
			isa = XCBuildConfiguration;
			buildSettings = {
				GCC_PRECOMPILE_PREFIX_HEADER = YES;
				GCC_PREFIX_HEADER = "CWAnimatedControlView/CWAnimatedControlView-Prefix.pch";
				INFOPLIST_FILE = "CWAnimatedControlView/CWAnimatedControlView-Info.plist";
				IPHONEOS_DEPLOYMENT_TARGET = 5.0;
				PRODUCT_NAME = "$(TARGET_NAME)";
				WRAPPER_EXTENSION = app;
			};
			name = Release;
		};
		76327D1914E2496A004C7626 /* Debug */ = {
			isa = XCBuildConfiguration;
			buildSettings = {
				BUNDLE_LOADER = "$(BUILT_PRODUCTS_DIR)/CWAnimatedControlView.app/CWAnimatedControlView";
				FRAMEWORK_SEARCH_PATHS = (
					"$(SDKROOT)/Developer/Library/Frameworks",
					"$(DEVELOPER_LIBRARY_DIR)/Frameworks",
				);
				GCC_PRECOMPILE_PREFIX_HEADER = YES;
				GCC_PREFIX_HEADER = "CWAnimatedControlView/CWAnimatedControlView-Prefix.pch";
				INFOPLIST_FILE = "CWAnimatedControlViewTests/CWAnimatedControlViewTests-Info.plist";
				IPHONEOS_DEPLOYMENT_TARGET = 5.0;
				PRODUCT_NAME = "$(TARGET_NAME)";
				TEST_HOST = "$(BUNDLE_LOADER)";
				WRAPPER_EXTENSION = octest;
			};
			name = Debug;
		};
		76327D1A14E2496A004C7626 /* Release */ = {
			isa = XCBuildConfiguration;
			buildSettings = {
				BUNDLE_LOADER = "$(BUILT_PRODUCTS_DIR)/CWAnimatedControlView.app/CWAnimatedControlView";
				FRAMEWORK_SEARCH_PATHS = (
					"$(SDKROOT)/Developer/Library/Frameworks",
					"$(DEVELOPER_LIBRARY_DIR)/Frameworks",
				);
				GCC_PRECOMPILE_PREFIX_HEADER = YES;
				GCC_PREFIX_HEADER = "CWAnimatedControlView/CWAnimatedControlView-Prefix.pch";
				INFOPLIST_FILE = "CWAnimatedControlViewTests/CWAnimatedControlViewTests-Info.plist";
				IPHONEOS_DEPLOYMENT_TARGET = 5.0;
				PRODUCT_NAME = "$(TARGET_NAME)";
				TEST_HOST = "$(BUNDLE_LOADER)";
				WRAPPER_EXTENSION = octest;
			};
			name = Release;
		};
/* End XCBuildConfiguration section */

/* Begin XCConfigurationList section */
		76327CDC14E24969004C7626 /* Build configuration list for PBXProject "CWAnimatedControlView" */ = {
			isa = XCConfigurationList;
			buildConfigurations = (
				76327D1314E2496A004C7626 /* Debug */,
				76327D1414E2496A004C7626 /* Release */,
			);
			defaultConfigurationIsVisible = 0;
			defaultConfigurationName = Release;
		};
		76327D1514E2496A004C7626 /* Build configuration list for PBXNativeTarget "CWAnimatedControlView" */ = {
			isa = XCConfigurationList;
			buildConfigurations = (
				76327D1614E2496A004C7626 /* Debug */,
				76327D1714E2496A004C7626 /* Release */,
			);
			defaultConfigurationIsVisible = 0;
			defaultConfigurationName = Release;
		};
		76327D1814E2496A004C7626 /* Build configuration list for PBXNativeTarget "CWAnimatedControlViewTests" */ = {
			isa = XCConfigurationList;
			buildConfigurations = (
				76327D1914E2496A004C7626 /* Debug */,
				76327D1A14E2496A004C7626 /* Release */,
			);
			defaultConfigurationIsVisible = 0;
			defaultConfigurationName = Release;
		};
/* End XCConfigurationList section */
	};
	rootObject = 76327CD914E24969004C7626 /* Project object */;
}
